{
  "name": "ssb-graphql-server",
  "version": "0.0.1",
  "lockfileVersion": 1,
  "requires": true,
  "dependencies": {
    "@types/node": {
      "version": "9.6.1",
      "resolved": "https://registry.npmjs.org/@types/node/-/node-9.6.1.tgz",
      "integrity": "sha512-xwlHq5DXQFRpe+u6hmmNkzYk/3oxxqDp71a/AJMupOQYmxyaBetqrVMqdNlSQfbg7XTJYD8vARjf3Op06OzdtQ=="
    },
    "accepts": {
      "version": "1.3.5",
      "resolved": "https://registry.npmjs.org/accepts/-/accepts-1.3.5.tgz",
      "integrity": "sha1-63d99gEXI6OxTopywIBcjoZ0a9I=",
      "requires": {
        "mime-types": "2.1.18",
        "negotiator": "0.6.1"
      }
    },
    "altair-express-middleware": {
      "version": "0.1.4",
      "resolved": "https://registry.npmjs.org/altair-express-middleware/-/altair-express-middleware-0.1.4.tgz",
      "integrity": "sha512-qBr5/DYROhIBjRhRgYNSMLBGnub0A2djDGoUg7buTNZmQbJW3JR23EwM1XmPpDxDf4H/wBCKXqWkLHeqsm1ELQ==",
      "requires": {
        "express": "4.16.3"
      }
    },
    "apollo-cache-control": {
      "version": "0.1.0",
      "resolved": "https://registry.npmjs.org/apollo-cache-control/-/apollo-cache-control-0.1.0.tgz",
      "integrity": "sha512-GVuT37nn2/9T3pkQL6vLXOpX7IGlJYz0ArpDvzbUC1xaOhMOqEHdFku+qXDfa2dh+5338ib4m/wD5UI4c8IjwA==",
      "requires": {
        "graphql-extensions": "0.0.10"
      }
    },
    "apollo-link": {
      "version": "1.2.1",
      "resolved": "https://registry.npmjs.org/apollo-link/-/apollo-link-1.2.1.tgz",
      "integrity": "sha512-6Ghf+j3cQLCIvjXd2dJrLw+16HZbWbwmB1qlTc41BviB2hv+rK1nJr17Y9dWK0UD4p3i9Hfddx3tthpMKrueHg==",
      "requires": {
        "@types/node": "9.6.1",
        "apollo-utilities": "1.0.11",
        "zen-observable-ts": "0.8.8"
      }
    },
    "apollo-server-core": {
      "version": "1.3.4",
      "resolved": "https://registry.npmjs.org/apollo-server-core/-/apollo-server-core-1.3.4.tgz",
      "integrity": "sha1-BnFSkLMjdSNtkHAay0L0Fat4SX8=",
      "requires": {
        "apollo-cache-control": "0.1.0",
        "apollo-tracing": "0.1.4",
        "graphql-extensions": "0.0.10"
      }
    },
    "apollo-server-express": {
      "version": "1.3.4",
      "resolved": "https://registry.npmjs.org/apollo-server-express/-/apollo-server-express-1.3.4.tgz",
      "integrity": "sha1-DKDQqoT0pUiQN9g048S2GaGoUjc=",
      "requires": {
        "apollo-server-core": "1.3.4",
        "apollo-server-module-graphiql": "1.3.4"
      }
    },
    "apollo-server-module-graphiql": {
      "version": "1.3.4",
      "resolved": "https://registry.npmjs.org/apollo-server-module-graphiql/-/apollo-server-module-graphiql-1.3.4.tgz",
      "integrity": "sha1-UDmbfFG3Jn0MhBUp9Rc+X8cwTeQ="
    },
    "apollo-tracing": {
      "version": "0.1.4",
      "resolved": "https://registry.npmjs.org/apollo-tracing/-/apollo-tracing-0.1.4.tgz",
      "integrity": "sha512-Uv+1nh5AsNmC3m130i2u3IqbS+nrxyVV3KYimH5QKsdPjxxIQB3JAT+jJmpeDxBel8gDVstNmCh82QSLxLSIdQ==",
      "requires": {
        "graphql-extensions": "0.0.10"
      }
    },
    "apollo-utilities": {
      "version": "1.0.11",
      "resolved": "https://registry.npmjs.org/apollo-utilities/-/apollo-utilities-1.0.11.tgz",
      "integrity": "sha512-SAjRTqcYVHwpct+bcwX3x3zGEQOkNzj3Ri7Iy+vFIozxS8xtdkQqPiML7S6EI9Q2IuimQ7gvuYFHY0HQK0O1AA=="
    },
    "array-flatten": {
      "version": "1.1.1",
      "resolved": "https://registry.npmjs.org/array-flatten/-/array-flatten-1.1.1.tgz",
      "integrity": "sha1-ml9pkFGx5wczKPKgCJaLZOopVdI="
    },
    "async-limiter": {
      "version": "1.0.0",
      "resolved": "https://registry.npmjs.org/async-limiter/-/async-limiter-1.0.0.tgz",
      "integrity": "sha512-jp/uFnooOiO+L211eZOoSyzpOITMXx1rBITauYykG3BRYPu8h0UcxsPNB04RR5vo4Tyz3+ay17tR6JVf9qzYWg=="
    },
    "backo2": {
      "version": "1.0.2",
      "resolved": "https://registry.npmjs.org/backo2/-/backo2-1.0.2.tgz",
      "integrity": "sha1-MasayLEpNjRj41s+u2n038+6eUc="
    },
    "body-parser": {
      "version": "1.18.2",
      "resolved": "https://registry.npmjs.org/body-parser/-/body-parser-1.18.2.tgz",
      "integrity": "sha1-h2eKGdhLR9hZuDGZvVm84iKxBFQ=",
      "requires": {
        "bytes": "3.0.0",
        "content-type": "1.0.4",
        "debug": "2.6.9",
        "depd": "1.1.2",
        "http-errors": "1.6.3",
        "iconv-lite": "0.4.19",
        "on-finished": "2.3.0",
        "qs": "6.5.1",
        "raw-body": "2.3.2",
        "type-is": "1.6.16"
      }
    },
    "bytes": {
      "version": "3.0.0",
      "resolved": "https://registry.npmjs.org/bytes/-/bytes-3.0.0.tgz",
      "integrity": "sha1-0ygVQE1olpn4Wk6k+odV3ROpYEg="
    },
    "chloride": {
      "version": "2.2.8",
      "resolved": "https://registry.npmjs.org/chloride/-/chloride-2.2.8.tgz",
      "integrity": "sha1-6/mos8qJp0R8NgOW2t+BfIqY1Zk=",
      "requires": {
        "is-electron": "2.1.0",
        "sodium-browserify": "1.2.1",
        "sodium-browserify-tweetnacl": "0.2.3",
        "sodium-chloride": "1.1.0",
        "sodium-native": "2.1.5"
      }
    },
    "chloride-test": {
      "version": "1.2.2",
      "resolved": "https://registry.npmjs.org/chloride-test/-/chloride-test-1.2.2.tgz",
      "integrity": "sha1-F4aGqF6SeARREulujHkXk/mhCuo=",
      "requires": {
        "json-buffer": "2.0.11"
      }
    },
    "content-disposition": {
      "version": "0.5.2",
      "resolved": "https://registry.npmjs.org/content-disposition/-/content-disposition-0.5.2.tgz",
      "integrity": "sha1-DPaLud318r55YcOoUXjLhdunjLQ="
    },
    "content-type": {
      "version": "1.0.4",
      "resolved": "https://registry.npmjs.org/content-type/-/content-type-1.0.4.tgz",
      "integrity": "sha512-hIP3EEPs8tB9AT1L+NUqtwOAps4mk2Zob89MWXMHjHWg9milF/j4osnnQLXBCBFBk/tvIG/tUc9mOUJiPBhPXA=="
    },
    "cookie": {
      "version": "0.3.1",
      "resolved": "https://registry.npmjs.org/cookie/-/cookie-0.3.1.tgz",
      "integrity": "sha1-5+Ch+e9DtMi6klxcWpboBtFoc7s="
    },
    "cookie-signature": {
      "version": "1.0.6",
      "resolved": "https://registry.npmjs.org/cookie-signature/-/cookie-signature-1.0.6.tgz",
      "integrity": "sha1-4wOogrNCzD7oylE6eZmXNNqzriw="
    },
    "core-js": {
      "version": "2.5.4",
      "resolved": "https://registry.npmjs.org/core-js/-/core-js-2.5.4.tgz",
      "integrity": "sha1-8si/GB8qgLkvNgEhQpzmOi8K6uA="
    },
    "debug": {
      "version": "2.6.9",
      "resolved": "https://registry.npmjs.org/debug/-/debug-2.6.9.tgz",
      "integrity": "sha512-bC7ElrdJaJnPbAP+1EotYvqZsb3ecl5wi6Bfi6BJTUcNowp6cvspg0jXznRTKDjm/E7AdgFBVeAPVMNcKGsHMA==",
      "requires": {
        "ms": "2.0.0"
      }
    },
    "deep-equal": {
      "version": "1.0.1",
      "resolved": "https://registry.npmjs.org/deep-equal/-/deep-equal-1.0.1.tgz",
      "integrity": "sha1-9dJgKStmDghO/0zbyfCK0yR0SLU="
    },
    "deep-extend": {
      "version": "0.4.2",
      "resolved": "https://registry.npmjs.org/deep-extend/-/deep-extend-0.4.2.tgz",
      "integrity": "sha1-SLaZwn4zS/ifEIkr5DL25MfTSn8="
    },
    "depd": {
      "version": "1.1.2",
      "resolved": "https://registry.npmjs.org/depd/-/depd-1.1.2.tgz",
      "integrity": "sha1-m81S4UwJd2PnSbJ0xDRu0uVgtak="
    },
    "deprecated-decorator": {
      "version": "0.1.6",
      "resolved": "https://registry.npmjs.org/deprecated-decorator/-/deprecated-decorator-0.1.6.tgz",
      "integrity": "sha1-AJZjF7ehL+kvPMgx91g68ym4bDc="
    },
    "destroy": {
      "version": "1.0.4",
      "resolved": "https://registry.npmjs.org/destroy/-/destroy-1.0.4.tgz",
      "integrity": "sha1-l4hXRCxEdJ5CBmE+N5RiBYJqvYA="
    },
    "ed2curve": {
      "version": "0.1.4",
      "resolved": "https://registry.npmjs.org/ed2curve/-/ed2curve-0.1.4.tgz",
      "integrity": "sha1-lKRCSLuH2jXbDv968KpXYWgRf1k=",
      "requires": {
        "tweetnacl": "0.14.5"
      }
    },
    "ee-first": {
      "version": "1.1.1",
      "resolved": "https://registry.npmjs.org/ee-first/-/ee-first-1.1.1.tgz",
      "integrity": "sha1-WQxhFWsK4vTwJVcyoViyZrxWsh0="
    },
    "encodeurl": {
      "version": "1.0.2",
      "resolved": "https://registry.npmjs.org/encodeurl/-/encodeurl-1.0.2.tgz",
      "integrity": "sha1-rT/0yG7C0CkyL1oCw6mmBslbP1k="
    },
    "escape-html": {
      "version": "1.0.3",
      "resolved": "https://registry.npmjs.org/escape-html/-/escape-html-1.0.3.tgz",
      "integrity": "sha1-Aljq5NPQwJdN4cFpGI7wBR0dGYg="
    },
    "etag": {
      "version": "1.8.1",
      "resolved": "https://registry.npmjs.org/etag/-/etag-1.8.1.tgz",
      "integrity": "sha1-Qa4u62XvpiJorr/qg6x9eSmbCIc="
    },
    "eventemitter3": {
      "version": "2.0.3",
      "resolved": "https://registry.npmjs.org/eventemitter3/-/eventemitter3-2.0.3.tgz",
      "integrity": "sha1-teEHm1n7XhuidxwKmTvgYKWMmbo="
    },
    "explain-error": {
      "version": "1.0.4",
      "resolved": "https://registry.npmjs.org/explain-error/-/explain-error-1.0.4.tgz",
      "integrity": "sha1-p5PTrAytTGq1cemWj7urbLJTKSk="
    },
    "express": {
      "version": "4.16.3",
      "resolved": "https://registry.npmjs.org/express/-/express-4.16.3.tgz",
      "integrity": "sha1-avilAjUNsyRuzEvs9rWjTSL37VM=",
      "requires": {
        "accepts": "1.3.5",
        "array-flatten": "1.1.1",
        "body-parser": "1.18.2",
        "content-disposition": "0.5.2",
        "content-type": "1.0.4",
        "cookie": "0.3.1",
        "cookie-signature": "1.0.6",
        "debug": "2.6.9",
        "depd": "1.1.2",
        "encodeurl": "1.0.2",
        "escape-html": "1.0.3",
        "etag": "1.8.1",
        "finalhandler": "1.1.1",
        "fresh": "0.5.2",
        "merge-descriptors": "1.0.1",
        "methods": "1.1.2",
        "on-finished": "2.3.0",
        "parseurl": "1.3.2",
        "path-to-regexp": "0.1.7",
        "proxy-addr": "2.0.3",
        "qs": "6.5.1",
        "range-parser": "1.2.0",
        "safe-buffer": "5.1.1",
        "send": "0.16.2",
        "serve-static": "1.13.2",
        "setprototypeof": "1.1.0",
        "statuses": "1.4.0",
        "type-is": "1.6.16",
        "utils-merge": "1.0.1",
        "vary": "1.1.2"
      }
    },
    "finalhandler": {
      "version": "1.1.1",
      "resolved": "https://registry.npmjs.org/finalhandler/-/finalhandler-1.1.1.tgz",
      "integrity": "sha512-Y1GUDo39ez4aHAw7MysnUD5JzYX+WaIj8I57kO3aEPT1fFRL4sr7mjei97FgnwhAyyzRYmQZaTHb2+9uZ1dPtg==",
      "requires": {
        "debug": "2.6.9",
        "encodeurl": "1.0.2",
        "escape-html": "1.0.3",
        "on-finished": "2.3.0",
        "parseurl": "1.3.2",
        "statuses": "1.4.0",
        "unpipe": "1.0.0"
      }
    },
    "forwarded": {
      "version": "0.1.2",
      "resolved": "https://registry.npmjs.org/forwarded/-/forwarded-0.1.2.tgz",
      "integrity": "sha1-mMI9qxF1ZXuMBXPozszZGw/xjIQ="
    },
    "fresh": {
      "version": "0.5.2",
      "resolved": "https://registry.npmjs.org/fresh/-/fresh-0.5.2.tgz",
      "integrity": "sha1-PYyt2Q2XZWn6g1qx+OSyOhBWBac="
    },
    "graphql": {
      "version": "0.13.2",
      "resolved": "https://registry.npmjs.org/graphql/-/graphql-0.13.2.tgz",
      "integrity": "sha512-QZ5BL8ZO/B20VA8APauGBg3GyEgZ19eduvpLWoq5x7gMmWnHoy8rlQWPLmWgFvo1yNgjSEFMesmS4R6pPr7xog==",
      "requires": {
        "iterall": "1.2.2"
      }
    },
    "graphql-extensions": {
      "version": "0.0.10",
      "resolved": "https://registry.npmjs.org/graphql-extensions/-/graphql-extensions-0.0.10.tgz",
      "integrity": "sha512-TnQueqUDCYzOSrpQb3q1ngDSP2otJSF+9yNLrQGPzkMsvnQ+v6e2d5tl+B35D4y+XpmvVnAn4T3ZK28mkILveA==",
      "requires": {
        "core-js": "2.5.4",
        "source-map-support": "0.5.4"
      }
    },
    "graphql-subscriptions": {
      "version": "0.5.8",
      "resolved": "https://registry.npmjs.org/graphql-subscriptions/-/graphql-subscriptions-0.5.8.tgz",
      "integrity": "sha512-0CaZnXKBw2pwnIbvmVckby5Ge5e2ecmjofhYCdyeACbCly2j3WXDP/pl+s+Dqd2GQFC7y99NB+53jrt55CKxYQ==",
      "requires": {
        "iterall": "1.2.2"
      }
    },
    "graphql-tools": {
      "version": "2.23.1",
      "resolved": "https://registry.npmjs.org/graphql-tools/-/graphql-tools-2.23.1.tgz",
      "integrity": "sha512-f85OdRuPcHvMhNqiotvgtzpx7RlY2pZW9UnmBu6AcooKVipWVyy0um9q17f78BBI+1UzwAMsfU9S6R38UGMjTQ==",
      "requires": {
        "apollo-link": "1.2.1",
        "apollo-utilities": "1.0.11",
        "deprecated-decorator": "0.1.6",
        "iterall": "1.2.2",
        "uuid": "3.2.1"
      }
    },
    "http-errors": {
      "version": "1.6.3",
      "resolved": "https://registry.npmjs.org/http-errors/-/http-errors-1.6.3.tgz",
      "integrity": "sha1-i1VoC7S+KDoLW/TqLjhYC+HZMg0=",
      "requires": {
        "depd": "1.1.2",
        "inherits": "2.0.3",
        "setprototypeof": "1.1.0",
        "statuses": "1.4.0"
      }
    },
    "iconv-lite": {
      "version": "0.4.19",
      "resolved": "https://registry.npmjs.org/iconv-lite/-/iconv-lite-0.4.19.tgz",
      "integrity": "sha512-oTZqweIP51xaGPI4uPa56/Pri/480R+mo7SeU+YETByQNhDG55ycFyNLIgta9vXhILrxXDmF7ZGhqZIcuN0gJQ=="
    },
    "increment-buffer": {
      "version": "1.0.1",
      "resolved": "https://registry.npmjs.org/increment-buffer/-/increment-buffer-1.0.1.tgz",
      "integrity": "sha1-ZQdtdRidgIs5rROrW5WOBSFvng0="
    },
    "inherits": {
      "version": "2.0.3",
      "resolved": "https://registry.npmjs.org/inherits/-/inherits-2.0.3.tgz",
      "integrity": "sha1-Yzwsg+PaQqUC9SRmAiSA9CCCYd4="
    },
    "ini": {
      "version": "1.3.5",
      "resolved": "https://registry.npmjs.org/ini/-/ini-1.3.5.tgz",
      "integrity": "sha512-RZY5huIKCMRWDUqZlEi72f/lmXKMvuszcMBduliQ3nnWbx9X/ZBQO7DijMEYS9EhHBb2qacRUMtC7svLwe0lcw=="
    },
    "ip": {
      "version": "1.1.5",
      "resolved": "https://registry.npmjs.org/ip/-/ip-1.1.5.tgz",
      "integrity": "sha1-vd7XARQpCCjAoDnnLvJfWq7ENUo="
    },
    "ipaddr.js": {
      "version": "1.6.0",
      "resolved": "https://registry.npmjs.org/ipaddr.js/-/ipaddr.js-1.6.0.tgz",
      "integrity": "sha1-4/o1e3c9phnybpXwSdBVxyeW+Gs="
    },
    "is-electron": {
      "version": "2.1.0",
      "resolved": "https://registry.npmjs.org/is-electron/-/is-electron-2.1.0.tgz",
      "integrity": "sha512-dkg5xT383+M6zIbbXW/z7n2nz4SFUi2OSyhntnFYkRdtV+HVEfdjEK+5AWisfYgkpe3WYjTIuh7toaKmSfFVWw=="
    },
    "iterall": {
      "version": "1.2.2",
      "resolved": "https://registry.npmjs.org/iterall/-/iterall-1.2.2.tgz",
      "integrity": "sha512-yynBb1g+RFUPY64fTrFv7nsjRrENBQJaX2UL+2Szc9REFrSNm1rpSXHGzhmAy7a9uv3vlvgBlXnf9RqmPH1/DA=="
    },
    "json-buffer": {
      "version": "2.0.11",
      "resolved": "https://registry.npmjs.org/json-buffer/-/json-buffer-2.0.11.tgz",
      "integrity": "sha1-PkQf2jCYvo0eMXGtWRvGKjPi1V8="
    },
    "libsodium": {
      "version": "0.2.12",
      "resolved": "https://registry.npmjs.org/libsodium/-/libsodium-0.2.12.tgz",
      "integrity": "sha1-gwg1ZNzwicuCpQNb6Sul0iSizN4="
    },
    "libsodium-wrappers": {
      "version": "0.2.12",
      "resolved": "https://registry.npmjs.org/libsodium-wrappers/-/libsodium-wrappers-0.2.12.tgz",
      "integrity": "sha1-UftQd0uO3FF5J7MHuBKkbDpGfh4=",
      "requires": {
        "libsodium": "0.2.12"
      }
    },
    "lodash.assign": {
      "version": "4.2.0",
      "resolved": "https://registry.npmjs.org/lodash.assign/-/lodash.assign-4.2.0.tgz",
      "integrity": "sha1-DZnzzNem0mHRm9rrkkUAXShYCOc="
    },
    "lodash.isobject": {
      "version": "3.0.2",
      "resolved": "https://registry.npmjs.org/lodash.isobject/-/lodash.isobject-3.0.2.tgz",
      "integrity": "sha1-PI+41bW/S/kK4G4U8qUwpO2TXh0="
    },
    "lodash.isstring": {
      "version": "4.0.1",
      "resolved": "https://registry.npmjs.org/lodash.isstring/-/lodash.isstring-4.0.1.tgz",
      "integrity": "sha1-1SfftUVuynzJu5XV2ur4i6VKVFE="
    },
    "looper": {
      "version": "3.0.0",
      "resolved": "https://registry.npmjs.org/looper/-/looper-3.0.0.tgz",
      "integrity": "sha1-LvpUw7HLq6m5Su4uWRSwvlf7t0k="
    },
    "media-typer": {
      "version": "0.3.0",
      "resolved": "https://registry.npmjs.org/media-typer/-/media-typer-0.3.0.tgz",
      "integrity": "sha1-hxDXrwqmJvj/+hzgAWhUUmMlV0g="
    },
    "merge-descriptors": {
      "version": "1.0.1",
      "resolved": "https://registry.npmjs.org/merge-descriptors/-/merge-descriptors-1.0.1.tgz",
      "integrity": "sha1-sAqqVW3YtEVoFQ7J0blT8/kMu2E="
    },
    "methods": {
      "version": "1.1.2",
      "resolved": "https://registry.npmjs.org/methods/-/methods-1.1.2.tgz",
      "integrity": "sha1-VSmk1nZUE07cxSZmVoNbD4Ua/O4="
    },
    "mime": {
      "version": "1.4.1",
      "resolved": "https://registry.npmjs.org/mime/-/mime-1.4.1.tgz",
      "integrity": "sha512-KI1+qOZu5DcW6wayYHSzR/tXKCDC5Om4s1z2QJjDULzLcmf3DvzS7oluY4HCTrc+9FiKmWUgeNLg7W3uIQvxtQ=="
    },
    "mime-db": {
      "version": "1.33.0",
      "resolved": "https://registry.npmjs.org/mime-db/-/mime-db-1.33.0.tgz",
      "integrity": "sha512-BHJ/EKruNIqJf/QahvxwQZXKygOQ256myeN/Ew+THcAa5q+PjyTTMMeNQC4DZw5AwfvelsUrA6B67NKMqXDbzQ=="
    },
    "mime-types": {
      "version": "2.1.18",
      "resolved": "https://registry.npmjs.org/mime-types/-/mime-types-2.1.18.tgz",
      "integrity": "sha512-lc/aahn+t4/SWV/qcmumYjymLsWfN3ELhpmVuUFjgsORruuZPVSwAQryq+HHGvO/SI2KVX26bx+En+zhM8g8hQ==",
      "requires": {
        "mime-db": "1.33.0"
      }
    },
    "minimist": {
      "version": "0.0.8",
      "resolved": "https://registry.npmjs.org/minimist/-/minimist-0.0.8.tgz",
      "integrity": "sha1-hX/Kv8M5fSYluCKCYuhqp6ARsF0="
    },
    "mkdirp": {
      "version": "0.5.1",
      "resolved": "https://registry.npmjs.org/mkdirp/-/mkdirp-0.5.1.tgz",
      "integrity": "sha1-MAV0OOrGz3+MR2fzhkjWaX11yQM=",
      "requires": {
        "minimist": "0.0.8"
      }
    },
    "ms": {
      "version": "2.0.0",
      "resolved": "https://registry.npmjs.org/ms/-/ms-2.0.0.tgz",
      "integrity": "sha1-VgiurfwAvmwpAd9fmGF4jeDVl8g="
    },
    "multicb": {
      "version": "1.2.2",
      "resolved": "https://registry.npmjs.org/multicb/-/multicb-1.2.2.tgz",
      "integrity": "sha512-PZM4dhYFmCF6uZGWpEmoPMUqJBywS9IcAgybT2GmSpYI1BvGvoWSdbio+ik+q/YD2vodhvslESWIS3NnkKYdqQ=="
    },
    "multiserver": {
      "version": "1.11.2",
      "resolved": "https://registry.npmjs.org/multiserver/-/multiserver-1.11.2.tgz",
      "integrity": "sha512-CpLmMJpbkM7tJkMzHez0b9mQGOll3TgsTHGKF8T++gGLhB0SYPpHn5QAm89ktCrvuN5RZY7DewPJ1/hptShirw==",
      "requires": {
        "pull-cat": "1.1.11",
        "pull-stream": "3.6.7",
        "pull-ws": "3.3.0",
        "secret-handshake": "1.1.12",
        "separator-escape": "0.0.0",
        "socks": "1.1.9",
        "stream-to-pull-stream": "1.7.2"
      }
    },
    "muxrpc": {
      "version": "6.4.0",
      "resolved": "https://registry.npmjs.org/muxrpc/-/muxrpc-6.4.0.tgz",
      "integrity": "sha1-JPfaBpvUYpsHfpk7BXeUKyaI6ug=",
      "requires": {
        "explain-error": "1.0.4",
        "packet-stream": "2.0.4",
        "packet-stream-codec": "1.1.2",
        "pull-goodbye": "0.0.2",
        "pull-stream": "3.6.7"
      }
    },
    "nan": {
      "version": "2.10.0",
      "resolved": "https://registry.npmjs.org/nan/-/nan-2.10.0.tgz",
      "integrity": "sha512-bAdJv7fBLhWC+/Bls0Oza+mvTaNQtP+1RyhhhvD95pgUJz6XM5IzgmxOkItJ9tkoCiplvAnXI1tNmmUD/eScyA==",
      "optional": true
    },
    "negotiator": {
      "version": "0.6.1",
      "resolved": "https://registry.npmjs.org/negotiator/-/negotiator-0.6.1.tgz",
      "integrity": "sha1-KzJxhOiZIQEXeyhWP7XnECrNDKk="
    },
    "node-gyp-build": {
      "version": "3.3.0",
      "resolved": "https://registry.npmjs.org/node-gyp-build/-/node-gyp-build-3.3.0.tgz",
      "integrity": "sha512-SNtBzznpPggc7mY8XTfnYBywd9OGN99bwnxGKFqud9erYJMbwnJn6B8HXER2dy8iOYr6Nf2SzBQoJjV8gdM4Nw==",
      "optional": true
    },
    "non-private-ip": {
      "version": "1.4.3",
      "resolved": "https://registry.npmjs.org/non-private-ip/-/non-private-ip-1.4.3.tgz",
      "integrity": "sha1-UsrysFOxU6vCKFbr3lOuAJPAYKU=",
      "requires": {
        "ip": "0.3.3"
      },
      "dependencies": {
        "ip": {
          "version": "0.3.3",
          "resolved": "https://registry.npmjs.org/ip/-/ip-0.3.3.tgz",
          "integrity": "sha1-jugwnpLwsEDSh/cu+soaIXAtP7Q="
        }
      }
    },
    "on-finished": {
      "version": "2.3.0",
      "resolved": "https://registry.npmjs.org/on-finished/-/on-finished-2.3.0.tgz",
      "integrity": "sha1-IPEzZIGwg811M3mSoWlxqi2QaUc=",
      "requires": {
        "ee-first": "1.1.1"
      }
    },
    "options": {
      "version": "0.0.6",
      "resolved": "https://registry.npmjs.org/options/-/options-0.0.6.tgz",
      "integrity": "sha1-7CLTEoBrtT5zF3Pnza788cZDEo8="
    },
    "os-homedir": {
      "version": "1.0.2",
      "resolved": "https://registry.npmjs.org/os-homedir/-/os-homedir-1.0.2.tgz",
      "integrity": "sha1-/7xJiDNuDoM94MFox+8VISGqf7M="
    },
    "packet-stream": {
      "version": "2.0.4",
      "resolved": "https://registry.npmjs.org/packet-stream/-/packet-stream-2.0.4.tgz",
      "integrity": "sha512-7+oxHdMMs6VhLvvbrDUc8QNuelE9fPKLDdToXBIKLPKOlnoBeMim+/35edp+AnFTLzk3xcogVvQ/jrZyyGsEiw=="
    },
    "packet-stream-codec": {
      "version": "1.1.2",
      "resolved": "https://registry.npmjs.org/packet-stream-codec/-/packet-stream-codec-1.1.2.tgz",
      "integrity": "sha1-ebMC/BRM37tKtv66cEDmpdmcecc=",
      "requires": {
        "pull-reader": "1.2.9",
        "pull-through": "1.0.18"
      }
    },
    "parseurl": {
      "version": "1.3.2",
      "resolved": "https://registry.npmjs.org/parseurl/-/parseurl-1.3.2.tgz",
      "integrity": "sha1-/CidTtiZMRlGDBViUyYs3I3mW/M="
    },
    "path-to-regexp": {
      "version": "0.1.7",
      "resolved": "https://registry.npmjs.org/path-to-regexp/-/path-to-regexp-0.1.7.tgz",
      "integrity": "sha1-32BBeABfUi8V60SQ5yR6G/qmf4w="
    },
    "private-box": {
      "version": "0.2.1",
      "resolved": "https://registry.npmjs.org/private-box/-/private-box-0.2.1.tgz",
      "integrity": "sha1-HfBhr8pbMDnH/qrdDa8PVvB+PsA=",
      "requires": {
        "chloride": "2.2.8"
      }
    },
    "proxy-addr": {
      "version": "2.0.3",
      "resolved": "https://registry.npmjs.org/proxy-addr/-/proxy-addr-2.0.3.tgz",
      "integrity": "sha512-jQTChiCJteusULxjBp8+jftSQE5Obdl3k4cnmLA6WXtK6XFuWRnvVL7aCiBqaLPM8c4ph0S4tKna8XvmIwEnXQ==",
      "requires": {
        "forwarded": "0.1.2",
        "ipaddr.js": "1.6.0"
      }
    },
    "pull-box-stream": {
      "version": "1.0.13",
      "resolved": "https://registry.npmjs.org/pull-box-stream/-/pull-box-stream-1.0.13.tgz",
      "integrity": "sha1-w+JAOY6rP1lRsu0QeMWYi/egork=",
      "requires": {
        "chloride": "2.2.8",
        "increment-buffer": "1.0.1",
        "pull-reader": "1.2.9",
        "pull-stream": "3.6.7",
        "pull-through": "1.0.18",
        "split-buffer": "1.0.0"
      }
    },
    "pull-cat": {
      "version": "1.1.11",
      "resolved": "https://registry.npmjs.org/pull-cat/-/pull-cat-1.1.11.tgz",
      "integrity": "sha1-tkLdElXaN2pwa220+pYvX9t0wxs="
    },
    "pull-goodbye": {
      "version": "0.0.2",
      "resolved": "https://registry.npmjs.org/pull-goodbye/-/pull-goodbye-0.0.2.tgz",
      "integrity": "sha1-jYNX21XiKnEN//DxaoyQtF7+QXE=",
      "requires": {
        "pull-stream": "3.5.0"
      },
      "dependencies": {
        "pull-stream": {
          "version": "3.5.0",
          "resolved": "https://registry.npmjs.org/pull-stream/-/pull-stream-3.5.0.tgz",
          "integrity": "sha1-HuW292/Ts6SaWvtt7VwDIKyzz8c="
        }
      }
    },
    "pull-handshake": {
      "version": "1.1.4",
      "resolved": "https://registry.npmjs.org/pull-handshake/-/pull-handshake-1.1.4.tgz",
      "integrity": "sha1-YACg/QGIhM39c3JU+Mxgqypjd5E=",
      "requires": {
        "pull-cat": "1.1.11",
        "pull-pair": "1.1.0",
        "pull-pushable": "2.2.0",
        "pull-reader": "1.2.9"
      }
    },
    "pull-hash": {
      "version": "1.0.0",
      "resolved": "https://registry.npmjs.org/pull-hash/-/pull-hash-1.0.0.tgz",
      "integrity": "sha1-/K1NJQe/LCsyMfZT3Jv7LbTw2Iw="
    },
    "pull-pair": {
      "version": "1.1.0",
      "resolved": "https://registry.npmjs.org/pull-pair/-/pull-pair-1.1.0.tgz",
      "integrity": "sha1-fuQnJj/fTaglOXrAoF4atLdL120="
    },
    "pull-pushable": {
      "version": "2.2.0",
      "resolved": "https://registry.npmjs.org/pull-pushable/-/pull-pushable-2.2.0.tgz",
      "integrity": "sha1-Xy867UethpGfAbEqLpnW8b13ZYE="
    },
    "pull-reader": {
      "version": "1.2.9",
      "resolved": "https://registry.npmjs.org/pull-reader/-/pull-reader-1.2.9.tgz",
      "integrity": "sha1-0umtALz7VOYqpm1Cwtu8tetoQ7A="
    },
    "pull-stream": {
      "version": "3.6.7",
      "resolved": "https://registry.npmjs.org/pull-stream/-/pull-stream-3.6.7.tgz",
      "integrity": "sha512-XdE2/o1I2lK7A+sbbA/HjYnd5Xk7wL5CwAKzqHIgcBsluDb0LiKHNTl1K0it3/RKPshQljLf4kl1aJ12YsCCGQ=="
    },
    "pull-through": {
      "version": "1.0.18",
      "resolved": "https://registry.npmjs.org/pull-through/-/pull-through-1.0.18.tgz",
      "integrity": "sha1-jdYjFCY+Wc9Qlur7sSeitu8xBzU=",
      "requires": {
        "looper": "3.0.0"
      }
    },
    "pull-ws": {
      "version": "3.3.0",
      "resolved": "https://registry.npmjs.org/pull-ws/-/pull-ws-3.3.0.tgz",
      "integrity": "sha1-4cQ+9AMyFn3YEg71nt9+iSvqSq4=",
      "requires": {
        "relative-url": "1.0.2",
        "safe-buffer": "5.1.1",
        "ws": "1.1.5"
      },
      "dependencies": {
        "ultron": {
          "version": "1.0.2",
          "resolved": "https://registry.npmjs.org/ultron/-/ultron-1.0.2.tgz",
          "integrity": "sha1-rOEWq1V80Zc4ak6I9GhTeMiy5Po="
        },
        "ws": {
          "version": "1.1.5",
          "resolved": "https://registry.npmjs.org/ws/-/ws-1.1.5.tgz",
          "integrity": "sha512-o3KqipXNUdS7wpQzBHSe180lBGO60SoK0yVo3CYJgb2MkobuWuBX6dhkYP5ORCLd55y+SaflMOV5fqAB53ux4w==",
          "requires": {
            "options": "0.0.6",
            "ultron": "1.0.2"
          }
        }
      }
    },
    "qs": {
      "version": "6.5.1",
      "resolved": "https://registry.npmjs.org/qs/-/qs-6.5.1.tgz",
      "integrity": "sha512-eRzhrN1WSINYCDCbrz796z37LOe3m5tmW7RQf6oBntukAG1nmovJvhnwHHRMAfeoItc1m2Hk02WER2aQ/iqs+A=="
    },
    "range-parser": {
      "version": "1.2.0",
      "resolved": "https://registry.npmjs.org/range-parser/-/range-parser-1.2.0.tgz",
      "integrity": "sha1-9JvmtIeJTdxA3MlKMi9hEJLgDV4="
    },
    "raw-body": {
      "version": "2.3.2",
      "resolved": "https://registry.npmjs.org/raw-body/-/raw-body-2.3.2.tgz",
      "integrity": "sha1-vNYMd9Prk83gBQKVw/N5OJvIj4k=",
      "requires": {
        "bytes": "3.0.0",
        "http-errors": "1.6.2",
        "iconv-lite": "0.4.19",
        "unpipe": "1.0.0"
      },
      "dependencies": {
        "depd": {
          "version": "1.1.1",
          "resolved": "https://registry.npmjs.org/depd/-/depd-1.1.1.tgz",
          "integrity": "sha1-V4O04cRZ8G+lyif5kfPQbnoxA1k="
        },
        "http-errors": {
          "version": "1.6.2",
          "resolved": "https://registry.npmjs.org/http-errors/-/http-errors-1.6.2.tgz",
          "integrity": "sha1-CgAsyFcHGSp+eUbO7cERVfYOxzY=",
          "requires": {
            "depd": "1.1.1",
            "inherits": "2.0.3",
            "setprototypeof": "1.0.3",
            "statuses": "1.4.0"
          }
        },
        "setprototypeof": {
          "version": "1.0.3",
          "resolved": "https://registry.npmjs.org/setprototypeof/-/setprototypeof-1.0.3.tgz",
          "integrity": "sha1-ZlZ+NwQ+608E2RvWWMDL77VbjgQ="
        }
      }
    },
    "rc": {
      "version": "1.2.6",
      "resolved": "https://registry.npmjs.org/rc/-/rc-1.2.6.tgz",
      "integrity": "sha1-6xiYnG1PTxYsOZ953dKfODVWgJI=",
      "requires": {
        "deep-extend": "0.4.2",
        "ini": "1.3.5",
        "minimist": "1.2.0",
        "strip-json-comments": "2.0.1"
      },
      "dependencies": {
        "minimist": {
          "version": "1.2.0",
          "resolved": "https://registry.npmjs.org/minimist/-/minimist-1.2.0.tgz",
          "integrity": "sha1-o1AIsg9BOD7sH7kU9M1d95omQoQ="
        }
      }
    },
    "relative-url": {
      "version": "1.0.2",
      "resolved": "https://registry.npmjs.org/relative-url/-/relative-url-1.0.2.tgz",
      "integrity": "sha1-0hxSpy1gYQGLzun5yfwQa/fWUoc="
    },
    "safe-buffer": {
      "version": "5.1.1",
      "resolved": "https://registry.npmjs.org/safe-buffer/-/safe-buffer-5.1.1.tgz",
      "integrity": "sha512-kKvNJn6Mm93gAczWVJg7wH+wGYWNrDHdWvpUmHyEsgCtIwwo3bqPtV4tR5tuPaUhTOo/kvhVwd8XwwOllGYkbg=="
    },
    "secret-handshake": {
      "version": "1.1.12",
      "resolved": "https://registry.npmjs.org/secret-handshake/-/secret-handshake-1.1.12.tgz",
      "integrity": "sha512-5K2rx7QLBOz/JFAWGevU0JsoeC/0PZufSFJPqxQefZSdhMmB2aO16CJ9rwfnAzwMZMGrM+F2/ljXTP9wHp4GlA==",
      "requires": {
        "chloride": "2.2.8",
        "deep-equal": "1.0.1",
        "pull-box-stream": "1.0.13",
        "pull-handshake": "1.1.4",
        "pull-stream": "3.6.7"
      }
    },
    "send": {
      "version": "0.16.2",
      "resolved": "https://registry.npmjs.org/send/-/send-0.16.2.tgz",
      "integrity": "sha512-E64YFPUssFHEFBvpbbjr44NCLtI1AohxQ8ZSiJjQLskAdKuriYEP6VyGEsRDH8ScozGpkaX1BGvhanqCwkcEZw==",
      "requires": {
        "debug": "2.6.9",
        "depd": "1.1.2",
        "destroy": "1.0.4",
        "encodeurl": "1.0.2",
        "escape-html": "1.0.3",
        "etag": "1.8.1",
        "fresh": "0.5.2",
        "http-errors": "1.6.3",
        "mime": "1.4.1",
        "ms": "2.0.0",
        "on-finished": "2.3.0",
        "range-parser": "1.2.0",
        "statuses": "1.4.0"
      }
    },
    "separator-escape": {
      "version": "0.0.0",
      "resolved": "https://registry.npmjs.org/separator-escape/-/separator-escape-0.0.0.tgz",
      "integrity": "sha1-5DNnaTICBFTjwUhwxRfqHeVsL6Q="
    },
    "serve-static": {
      "version": "1.13.2",
      "resolved": "https://registry.npmjs.org/serve-static/-/serve-static-1.13.2.tgz",
      "integrity": "sha512-p/tdJrO4U387R9oMjb1oj7qSMaMfmOyd4j9hOFoxZe2baQszgHcSWjuya/CiT5kgZZKRudHNOA0pYXOl8rQ5nw==",
      "requires": {
        "encodeurl": "1.0.2",
        "escape-html": "1.0.3",
        "parseurl": "1.3.2",
        "send": "0.16.2"
      }
    },
    "setprototypeof": {
      "version": "1.1.0",
      "resolved": "https://registry.npmjs.org/setprototypeof/-/setprototypeof-1.1.0.tgz",
      "integrity": "sha512-BvE/TwpZX4FXExxOxZyRGQQv651MSwmWKZGqvmPcRIjDqWub67kTKuIMx43cZZrS/cBBzwBcNDWoFxt2XEFIpQ=="
    },
    "sha.js": {
      "version": "2.4.5",
      "resolved": "https://registry.npmjs.org/sha.js/-/sha.js-2.4.5.tgz",
      "integrity": "sha1-J9Fx78yCoRi5ljn/WBZgJCtQbnw=",
      "requires": {
        "inherits": "2.0.3"
      }
    },
    "smart-buffer": {
      "version": "1.1.15",
      "resolved": "https://registry.npmjs.org/smart-buffer/-/smart-buffer-1.1.15.tgz",
      "integrity": "sha1-fxFLW2X6s+KjWqd1uxLw0cZJvxY="
    },
    "socks": {
      "version": "1.1.9",
      "resolved": "https://registry.npmjs.org/socks/-/socks-1.1.9.tgz",
      "integrity": "sha1-Yo1+TQSRJDVEWsC25Fk3bLPm1pE=",
      "requires": {
        "ip": "1.1.5",
        "smart-buffer": "1.1.15"
      }
    },
    "sodium-browserify": {
      "version": "1.2.1",
      "resolved": "https://registry.npmjs.org/sodium-browserify/-/sodium-browserify-1.2.1.tgz",
      "integrity": "sha1-sLVZyjaYFnkIUhSFXiZkXfZ6rxw=",
      "requires": {
        "libsodium-wrappers": "0.2.12",
        "sha.js": "2.4.5",
        "tweetnacl": "0.14.5"
      }
    },
    "sodium-browserify-tweetnacl": {
      "version": "0.2.3",
      "resolved": "https://registry.npmjs.org/sodium-browserify-tweetnacl/-/sodium-browserify-tweetnacl-0.2.3.tgz",
      "integrity": "sha1-tVN//LufdOvEQ7i2ohGykej8vI4=",
      "requires": {
        "chloride-test": "1.2.2",
        "ed2curve": "0.1.4",
        "sha.js": "2.4.11",
        "tweetnacl": "0.14.5",
        "tweetnacl-auth": "0.3.1"
      },
      "dependencies": {
        "sha.js": {
          "version": "2.4.11",
          "resolved": "https://registry.npmjs.org/sha.js/-/sha.js-2.4.11.tgz",
          "integrity": "sha512-QMEp5B7cftE7APOjk5Y6xgrbWu+WkLVQwk8JNjZ8nKRciZaByEW6MubieAiToS7+dwvrjGhH8jRXz3MVd0AYqQ==",
          "requires": {
            "inherits": "2.0.3",
            "safe-buffer": "5.1.1"
          }
        }
      }
    },
    "sodium-chloride": {
      "version": "1.1.0",
      "resolved": "https://registry.npmjs.org/sodium-chloride/-/sodium-chloride-1.1.0.tgz",
      "integrity": "sha1-JHojS4iGf23/UTMrYF8ZOmW/aDk="
    },
    "sodium-native": {
      "version": "2.1.5",
      "resolved": "https://registry.npmjs.org/sodium-native/-/sodium-native-2.1.5.tgz",
      "integrity": "sha512-We1ANTbM/iWeHbIpCFo5Nd95pwsLHRjH6h6hg2tlKjKDFUBFsVDk+ewlNjK2CRejpQtimD0GOexT0N/TO5PG2Q==",
      "optional": true,
      "requires": {
        "ini": "1.3.5",
        "nan": "2.10.0",
        "node-gyp-build": "3.3.0"
      }
    },
    "source-map": {
      "version": "0.6.1",
      "resolved": "https://registry.npmjs.org/source-map/-/source-map-0.6.1.tgz",
      "integrity": "sha512-UjgapumWlbMhkBgzT7Ykc5YXUT46F0iKu8SGXq0bcwP5dz/h0Plj6enJqjz1Zbq2l5WaqYnrVbwWOWMyF3F47g=="
    },
    "source-map-support": {
      "version": "0.5.4",
      "resolved": "https://registry.npmjs.org/source-map-support/-/source-map-support-0.5.4.tgz",
      "integrity": "sha512-PETSPG6BjY1AHs2t64vS2aqAgu6dMIMXJULWFBGbh2Gr8nVLbCFDo6i/RMMvviIQ2h1Z8+5gQhVKSn2je9nmdg==",
      "requires": {
        "source-map": "0.6.1"
      }
    },
    "split-buffer": {
      "version": "1.0.0",
      "resolved": "https://registry.npmjs.org/split-buffer/-/split-buffer-1.0.0.tgz",
      "integrity": "sha1-t+jgq1E0UVi3LB9tvvJAbVHx0Cc="
    },
    "ssb-client": {
      "version": "4.5.7",
      "resolved": "https://registry.npmjs.org/ssb-client/-/ssb-client-4.5.7.tgz",
      "integrity": "sha512-mEOyMlX6sGEUStU02vdSPD4j9ZRQQe3WCQwZCtgOkkrJpp7ARHxC0dx8ahumyq/vUIYWqQSAHHMD0+R63GmpGg==",
      "requires": {
        "explain-error": "1.0.4",
        "multicb": "1.2.2",
        "multiserver": "1.11.2",
        "muxrpc": "6.4.0",
        "pull-hash": "1.0.0",
        "pull-stream": "3.6.7",
        "ssb-config": "2.2.0",
        "ssb-keys": "7.0.14"
      }
    },
    "ssb-config": {
      "version": "2.2.0",
      "resolved": "https://registry.npmjs.org/ssb-config/-/ssb-config-2.2.0.tgz",
      "integrity": "sha1-QcrQOKhXWvQGLT/VfTsWe+hbA7w=",
      "requires": {
        "deep-extend": "0.4.2",
        "non-private-ip": "1.4.3",
        "os-homedir": "1.0.2",
        "rc": "1.2.6"
      }
    },
    "ssb-keys": {
      "version": "7.0.14",
      "resolved": "https://registry.npmjs.org/ssb-keys/-/ssb-keys-7.0.14.tgz",
      "integrity": "sha512-iZJ1DlV+cO+tIst7uM6xJsE8p4813KEKwPyDN0ZGyu5QpHY9DyeTmrvpp1rVxQMSZ2rBu/UMaZwtpAbCspT9pQ==",
      "requires": {
        "chloride": "2.2.8",
        "mkdirp": "0.5.1",
        "private-box": "0.2.1"
      }
    },
    "statuses": {
      "version": "1.4.0",
      "resolved": "https://registry.npmjs.org/statuses/-/statuses-1.4.0.tgz",
      "integrity": "sha512-zhSCtt8v2NDrRlPQpCNtw/heZLtfUDqxBM1udqikb/Hbk52LK4nQSwr10u77iopCW5LsyHpuXS0GnEc48mLeew=="
    },
    "stream-to-pull-stream": {
      "version": "1.7.2",
      "resolved": "https://registry.npmjs.org/stream-to-pull-stream/-/stream-to-pull-stream-1.7.2.tgz",
      "integrity": "sha1-dXYJrhzr0zx0MtSvvjH/eGULnd4=",
      "requires": {
        "looper": "3.0.0",
        "pull-stream": "3.6.7"
      }
    },
    "strip-json-comments": {
      "version": "2.0.1",
      "resolved": "https://registry.npmjs.org/strip-json-comments/-/strip-json-comments-2.0.1.tgz",
      "integrity": "sha1-PFMZQukIwml8DsNEhYwobHygpgo="
    },
    "subscriptions-transport-ws": {
      "version": "0.9.7",
      "resolved": "https://registry.npmjs.org/subscriptions-transport-ws/-/subscriptions-transport-ws-0.9.7.tgz",
      "integrity": "sha512-Grkz+EUKaJl8cAYVYGJimIjLbneqTBt/Him/AtR1wO1ALQArFizC7XaJae+BQRHqjHjgVH15mRgNlmdgrjLIoQ==",
      "requires": {
        "backo2": "1.0.2",
        "eventemitter3": "2.0.3",
        "iterall": "1.2.2",
        "lodash.assign": "4.2.0",
        "lodash.isobject": "3.0.2",
        "lodash.isstring": "4.0.1",
        "symbol-observable": "1.2.0",
        "ws": "3.3.3"
      }
    },
    "symbol-observable": {
      "version": "1.2.0",
      "resolved": "https://registry.npmjs.org/symbol-observable/-/symbol-observable-1.2.0.tgz",
      "integrity": "sha512-e900nM8RRtGhlV36KGEU9k65K3mPb1WV70OdjfxlG2EAuM1noi/E/BaW/uMhL7bPEssK8QV57vN3esixjUvcXQ=="
    },
    "tweetnacl": {
      "version": "0.14.5",
      "resolved": "https://registry.npmjs.org/tweetnacl/-/tweetnacl-0.14.5.tgz",
      "integrity": "sha1-WuaBd/GS1EViadEIr6k/+HQ/T2Q="
    },
    "tweetnacl-auth": {
      "version": "0.3.1",
      "resolved": "https://registry.npmjs.org/tweetnacl-auth/-/tweetnacl-auth-0.3.1.tgz",
      "integrity": "sha1-t1vC3xVkm7hOi5qjwGacbEvODSU=",
      "requires": {
        "tweetnacl": "0.14.5"
      }
    },
    "type-is": {
      "version": "1.6.16",
      "resolved": "https://registry.npmjs.org/type-is/-/type-is-1.6.16.tgz",
      "integrity": "sha512-HRkVv/5qY2G6I8iab9cI7v1bOIdhm94dVjQCPFElW9W+3GeDOSHmy2EBYe4VTApuzolPcmgFTN3ftVJRKR2J9Q==",
      "requires": {
        "media-typer": "0.3.0",
        "mime-types": "2.1.18"
      }
    },
    "ultron": {
      "version": "1.1.1",
      "resolved": "https://registry.npmjs.org/ultron/-/ultron-1.1.1.tgz",
      "integrity": "sha512-UIEXBNeYmKptWH6z8ZnqTeS8fV74zG0/eRU9VGkpzz+LIJNs8W/zM/L+7ctCkRrgbNnnR0xxw4bKOr0cW0N0Og=="
    },
    "unpipe": {
      "version": "1.0.0",
      "resolved": "https://registry.npmjs.org/unpipe/-/unpipe-1.0.0.tgz",
      "integrity": "sha1-sr9O6FFKrmFltIF4KdIbLvSZBOw="
    },
    "utils-merge": {
      "version": "1.0.1",
      "resolved": "https://registry.npmjs.org/utils-merge/-/utils-merge-1.0.1.tgz",
      "integrity": "sha1-n5VxD1CiZ5R7LMwSR0HBAoQn5xM="
    },
    "uuid": {
      "version": "3.2.1",
      "resolved": "https://registry.npmjs.org/uuid/-/uuid-3.2.1.tgz",
      "integrity": "sha512-jZnMwlb9Iku/O3smGWvZhauCf6cvvpKi4BKRiliS3cxnI+Gz9j5MEpTz2UFuXiKPJocb7gnsLHwiS05ige5BEA=="
    },
    "vary": {
      "version": "1.1.2",
      "resolved": "https://registry.npmjs.org/vary/-/vary-1.1.2.tgz",
      "integrity": "sha1-IpnwLG3tMNSllhsLn3RSShj2NPw="
    },
    "ws": {
      "version": "3.3.3",
      "resolved": "https://registry.npmjs.org/ws/-/ws-3.3.3.tgz",
      "integrity": "sha512-nnWLa/NwZSt4KQJu51MYlCcSQ5g7INpOrOMt4XV8j4dqTXdmlUmSHQ8/oLC069ckre0fRsgfvsKwbTdtKLCDkA==",
      "requires": {
        "async-limiter": "1.0.0",
        "safe-buffer": "5.1.1",
        "ultron": "1.1.1"
      }
    },
    "zen-observable": {
      "version": "0.7.1",
      "resolved": "https://registry.npmjs.org/zen-observable/-/zen-observable-0.7.1.tgz",
      "integrity": "sha512-OI6VMSe0yeqaouIXtedC+F55Sr6r9ppS7+wTbSexkYdHbdt4ctTuPNXP/rwm7GTVI63YBc+EBT0b0tl7YnJLRg=="
    },
    "zen-observable-ts": {
      "version": "0.8.8",
      "resolved": "https://registry.npmjs.org/zen-observable-ts/-/zen-observable-ts-0.8.8.tgz",
      "integrity": "sha512-oGjFvBbAA94uh/HvAwJDwMHtNq4lZRtupJx8XsyreOTYvH8x1ef9hIeH/M+IqiAXtNpglq/Klh5rbpYWEeRSOQ==",
      "requires": {
        "zen-observable": "0.7.1"
      }
    }
  }
}
